{
  "name": "financial-modeling",
  "lockfileVersion": 3,
  "requires": true,
  "packages": {
    "": {
      "dependencies": {
        "pyodide": "^0.27.2"
      },
      "devDependencies": {
        "@types/node": "^22.8.7"
      }
    },
    "node_modules/@types/node": {
      "version": "22.8.7",
      "resolved": "https://registry.npmjs.org/@types/node/-/node-22.8.7.tgz",
      "integrity": "sha512-LidcG+2UeYIWcMuMUpBKOnryBWG/rnmOHQR5apjn8myTQcx3rinFRn7DcIFhMnS0PPFSC6OafdIKEad0lj6U0Q==",
      "dev": true,
      "license": "MIT",
      "dependencies": {
        "undici-types": "~6.19.8"
      }
    },
    "node_modules/pyodide": {
      "version": "0.27.2",
      "resolved": "https://registry.npmjs.org/pyodide/-/pyodide-0.27.2.tgz",
      "integrity": "sha512-sfA2kiUuQVRpWI4BYnU3sX5PaTTt/xrcVEmRzRcId8DzZXGGtPgCBC0gCqjUTUYSa8ofPaSjXmzESc86yvvCHg==",
      "license": "Apache-2.0",
      "dependencies": {
        "ws": "^8.5.0"
      },
      "engines": {
        "node": ">=18.0.0"
      }
    },
    "node_modules/undici-types": {
      "version": "6.19.8",
      "resolved": "https://registry.npmjs.org/undici-types/-/undici-types-6.19.8.tgz",
      "integrity": "sha512-ve2KP6f/JnbPBFyobGHuerC9g1FYGn/F8n1LWTwNxCEzd6IfqTwUQcNXgEtmmQ6DlRrC1hrSrBnCZPokRrDHjw==",
      "dev": true,
      "license": "MIT"
    },
    "node_modules/ws": {
      "version": "8.18.1",
      "resolved": "https://registry.npmjs.org/ws/-/ws-8.18.1.tgz",
      "integrity": "sha512-RKW2aJZMXeMxVpnZ6bck+RswznaxmzdULiBr6KY7XkTnW8uvt0iT9H5DkHUChXrc+uurzwa0rVI16n/Xzjdz1w==",
      "license": "MIT",
      "engines": {
        "node": ">=10.0.0"
      },
      "peerDependencies": {
        "bufferutil": "^4.0.1",
        "utf-8-validate": ">=5.0.2"
      },
      "peerDependenciesMeta": {
        "bufferutil": {
          "optional": true
        },
        "utf-8-validate": {
          "optional": true
        }
      }
    }
  }
}
