{
  "name": "financial-modeling",
  "lockfileVersion": 3,
  "requires": true,
  "packages": {
    "": {
      "dependencies": {
        "@hapi/code": "^9.0.3"
      },
      "devDependencies": {
        "@types/node": "^20.16.10"
      }
    },
    "node_modules/@hapi/code": {
      "version": "9.0.3",
      "resolved": "https://registry.npmjs.org/@hapi/code/-/code-9.0.3.tgz",
      "integrity": "sha512-g50b7qz861Xfnt1NWtcba1zVxlHLPDJh/4ys6pva6jMmQgbTDLgAkbORDHYbVSA7mYxZ2cHZ2n7ZeFb5j/ZhQw==",
      "license": "BSD-3-Clause",
      "dependencies": {
        "@hapi/hoek": "^11.0.2"
      }
    },
    "node_modules/@hapi/hoek": {
      "version": "11.0.4",
      "resolved": "https://registry.npmjs.org/@hapi/hoek/-/hoek-11.0.4.tgz",
      "integrity": "sha512-PnsP5d4q7289pS2T2EgGz147BFJ2Jpb4yrEdkpz2IhgEUzos1S7HTl7ezWh1yfYzYlj89KzLdCRkqsP6SIryeQ==",
      "license": "BSD-3-Clause"
    },
    "node_modules/@types/node": {
      "version": "20.16.10",
      "resolved": "https://registry.npmjs.org/@types/node/-/node-20.16.10.tgz",
      "integrity": "sha512-vQUKgWTjEIRFCvK6CyriPH3MZYiYlNy0fKiEYHWbcoWLEgs4opurGGKlebrTLqdSMIbXImH6XExNiIyNUv3WpA==",
      "dev": true,
      "license": "MIT",
      "dependencies": {
        "undici-types": "~6.19.2"
      }
    },
    "node_modules/undici-types": {
      "version": "6.19.8",
      "resolved": "https://registry.npmjs.org/undici-types/-/undici-types-6.19.8.tgz",
      "integrity": "sha512-ve2KP6f/JnbPBFyobGHuerC9g1FYGn/F8n1LWTwNxCEzd6IfqTwUQcNXgEtmmQ6DlRrC1hrSrBnCZPokRrDHjw==",
      "dev": true,
      "license": "MIT"
    }
  }
}
